// !$*UTF8*$!
{
	archiveVersion = 1;
	classes = {
	};
	objectVersion = 48;
	objects = {

/* Begin PBXBuildFile section */
		00522B8F1F04B16200556428 /* AppDelegate.swift in Sources */ = {isa = PBXBuildFile; fileRef = 00522B8E1F04B16200556428 /* AppDelegate.swift */; };
		00522B911F04B16200556428 /* ViewController.swift in Sources */ = {isa = PBXBuildFile; fileRef = 00522B901F04B16200556428 /* ViewController.swift */; };
		00522B941F04B16200556428 /* Main.storyboard in Resources */ = {isa = PBXBuildFile; fileRef = 00522B921F04B16200556428 /* Main.storyboard */; };
		00522B961F04B16200556428 /* Assets.xcassets in Resources */ = {isa = PBXBuildFile; fileRef = 00522B951F04B16200556428 /* Assets.xcassets */; };
		00522B991F04B16200556428 /* LaunchScreen.storyboard in Resources */ = {isa = PBXBuildFile; fileRef = 00522B971F04B16200556428 /* LaunchScreen.storyboard */; };
		00522BA41F04B16200556428 /* Test0628Tests.swift in Sources */ = {isa = PBXBuildFile; fileRef = 00522BA31F04B16200556428 /* Test0628Tests.swift */; };
		00522BAF1F04B16200556428 /* Test0628UITests.swift in Sources */ = {isa = PBXBuildFile; fileRef = 00522BAE1F04B16200556428 /* Test0628UITests.swift */; };
		00522BBD1F04B7E300556428 /* art.scnassets in Resources */ = {isa = PBXBuildFile; fileRef = 00522BBC1F04B7E300556428 /* art.scnassets */; };
		00522BBF1F04B85D00556428 /* SpaceShip.swift in Sources */ = {isa = PBXBuildFile; fileRef = 00522BBE1F04B85D00556428 /* SpaceShip.swift */; };
/* End PBXBuildFile section */

/* Begin PBXContainerItemProxy section */
		00522BA01F04B16200556428 /* PBXContainerItemProxy */ = {
			isa = PBXContainerItemProxy;
			containerPortal = 00522B831F04B16200556428 /* Project object */;
			proxyType = 1;
			remoteGlobalIDString = 00522B8A1F04B16200556428;
			remoteInfo = Test0628;
		};
		00522BAB1F04B16200556428 /* PBXContainerItemProxy */ = {
			isa = PBXContainerItemProxy;
			containerPortal = 00522B831F04B16200556428 /* Project object */;
			proxyType = 1;
			remoteGlobalIDString = 00522B8A1F04B16200556428;
			remoteInfo = Test0628;
		};
/* End PBXContainerItemProxy section */

/* Begin PBXFileReference section */
		00522B8B1F04B16200556428 /* Test0628.app */ = {isa = PBXFileReference; explicitFileType = wrapper.application; includeInIndex = 0; path = Test0628.app; sourceTree = BUILT_PRODUCTS_DIR; };
		00522B8E1F04B16200556428 /* AppDelegate.swift */ = {isa = PBXFileReference; lastKnownFileType = sourcecode.swift; path = AppDelegate.swift; sourceTree = "<group>"; };
		00522B901F04B16200556428 /* ViewController.swift */ = {isa = PBXFileReference; lastKnownFileType = sourcecode.swift; path = ViewController.swift; sourceTree = "<group>"; };
		00522B931F04B16200556428 /* Base */ = {isa = PBXFileReference; lastKnownFileType = file.storyboard; name = Base; path = Base.lproj/Main.storyboard; sourceTree = "<group>"; };
		00522B951F04B16200556428 /* Assets.xcassets */ = {isa = PBXFileReference; lastKnownFileType = folder.assetcatalog; path = Assets.xcassets; sourceTree = "<group>"; };
		00522B981F04B16200556428 /* Base */ = {isa = PBXFileReference; lastKnownFileType = file.storyboard; name = Base; path = Base.lproj/LaunchScreen.storyboard; sourceTree = "<group>"; };
		00522B9A1F04B16200556428 /* Info.plist */ = {isa = PBXFileReference; lastKnownFileType = text.plist.xml; path = Info.plist; sourceTree = "<group>"; };
		00522B9F1F04B16200556428 /* Test0628Tests.xctest */ = {isa = PBXFileReference; explicitFileType = wrapper.cfbundle; includeInIndex = 0; path = Test0628Tests.xctest; sourceTree = BUILT_PRODUCTS_DIR; };
		00522BA31F04B16200556428 /* Test0628Tests.swift */ = {isa = PBXFileReference; lastKnownFileType = sourcecode.swift; path = Test0628Tests.swift; sourceTree = "<group>"; };
		00522BA51F04B16200556428 /* Info.plist */ = {isa = PBXFileReference; lastKnownFileType = text.plist.xml; path = Info.plist; sourceTree = "<group>"; };
		00522BAA1F04B16200556428 /* Test0628UITests.xctest */ = {isa = PBXFileReference; explicitFileType = wrapper.cfbundle; includeInIndex = 0; path = Test0628UITests.xctest; sourceTree = BUILT_PRODUCTS_DIR; };
		00522BAE1F04B16200556428 /* Test0628UITests.swift */ = {isa = PBXFileReference; lastKnownFileType = sourcecode.swift; path = Test0628UITests.swift; sourceTree = "<group>"; };
		00522BB01F04B16200556428 /* Info.plist */ = {isa = PBXFileReference; lastKnownFileType = text.plist.xml; path = Info.plist; sourceTree = "<group>"; };
		00522BBC1F04B7E300556428 /* art.scnassets */ = {isa = PBXFileReference; lastKnownFileType = wrapper.scnassets; name = art.scnassets; path = ../../../../Downloads/art.scnassets; sourceTree = "<group>"; };
		00522BBE1F04B85D00556428 /* SpaceShip.swift */ = {isa = PBXFileReference; lastKnownFileType = sourcecode.swift; path = SpaceShip.swift; sourceTree = "<group>"; };
/* End PBXFileReference section */

/* Begin PBXFrameworksBuildPhase section */
		00522B881F04B16200556428 /* Frameworks */ = {
			isa = PBXFrameworksBuildPhase;
			buildActionMask = 2147483647;
			files = (
			);
			runOnlyForDeploymentPostprocessing = 0;
		};
		00522B9C1F04B16200556428 /* Frameworks */ = {
			isa = PBXFrameworksBuildPhase;
			buildActionMask = 2147483647;
			files = (
			);
			runOnlyForDeploymentPostprocessing = 0;
		};
		00522BA71F04B16200556428 /* Frameworks */ = {
			isa = PBXFrameworksBuildPhase;
			buildActionMask = 2147483647;
			files = (
			);
			runOnlyForDeploymentPostprocessing = 0;
		};
/* End PBXFrameworksBuildPhase section */

/* Begin PBXGroup section */
		00522B821F04B16200556428 = {
			isa = PBXGroup;
			children = (
				00522B8D1F04B16200556428 /* Test0628 */,
				00522BA21F04B16200556428 /* Test0628Tests */,
				00522BAD1F04B16200556428 /* Test0628UITests */,
				00522B8C1F04B16200556428 /* Products */,
			);
			sourceTree = "<group>";
		};
		00522B8C1F04B16200556428 /* Products */ = {
			isa = PBXGroup;
			children = (
				00522B8B1F04B16200556428 /* Test0628.app */,
				00522B9F1F04B16200556428 /* Test0628Tests.xctest */,
				00522BAA1F04B16200556428 /* Test0628UITests.xctest */,
			);
			name = Products;
			sourceTree = "<group>";
		};
		00522B8D1F04B16200556428 /* Test0628 */ = {
			isa = PBXGroup;
			children = (
				00522B8E1F04B16200556428 /* AppDelegate.swift */,
				00522B901F04B16200556428 /* ViewController.swift */,
				00522BBE1F04B85D00556428 /* SpaceShip.swift */,
				00522BBC1F04B7E300556428 /* art.scnassets */,
				00522B921F04B16200556428 /* Main.storyboard */,
				00522B951F04B16200556428 /* Assets.xcassets */,
				00522B971F04B16200556428 /* LaunchScreen.storyboard */,
				00522B9A1F04B16200556428 /* Info.plist */,
			);
			path = Test0628;
			sourceTree = "<group>";
		};
		00522BA21F04B16200556428 /* Test0628Tests */ = {
			isa = PBXGroup;
			children = (
				00522BA31F04B16200556428 /* Test0628Tests.swift */,
				00522BA51F04B16200556428 /* Info.plist */,
			);
			path = Test0628Tests;
			sourceTree = "<group>";
		};
		00522BAD1F04B16200556428 /* Test0628UITests */ = {
			isa = PBXGroup;
			children = (
				00522BAE1F04B16200556428 /* Test0628UITests.swift */,
				00522BB01F04B16200556428 /* Info.plist */,
			);
			path = Test0628UITests;
			sourceTree = "<group>";
		};
/* End PBXGroup section */

/* Begin PBXNativeTarget section */
		00522B8A1F04B16200556428 /* Test0628 */ = {
			isa = PBXNativeTarget;
			buildConfigurationList = 00522BB31F04B16200556428 /* Build configuration list for PBXNativeTarget "Test0628" */;
			buildPhases = (
				00522B871F04B16200556428 /* Sources */,
				00522B881F04B16200556428 /* Frameworks */,
				00522B891F04B16200556428 /* Resources */,
			);
			buildRules = (
			);
			dependencies = (
			);
			name = Test0628;
			productName = Test0628;
			productReference = 00522B8B1F04B16200556428 /* Test0628.app */;
			productType = "com.apple.product-type.application";
		};
		00522B9E1F04B16200556428 /* Test0628Tests */ = {
			isa = PBXNativeTarget;
			buildConfigurationList = 00522BB61F04B16200556428 /* Build configuration list for PBXNativeTarget "Test0628Tests" */;
			buildPhases = (
				00522B9B1F04B16200556428 /* Sources */,
				00522B9C1F04B16200556428 /* Frameworks */,
				00522B9D1F04B16200556428 /* Resources */,
			);
			buildRules = (
			);
			dependencies = (
				00522BA11F04B16200556428 /* PBXTargetDependency */,
			);
			name = Test0628Tests;
			productName = Test0628Tests;
			productReference = 00522B9F1F04B16200556428 /* Test0628Tests.xctest */;
			productType = "com.apple.product-type.bundle.unit-test";
		};
		00522BA91F04B16200556428 /* Test0628UITests */ = {
			isa = PBXNativeTarget;
			buildConfigurationList = 00522BB91F04B16200556428 /* Build configuration list for PBXNativeTarget "Test0628UITests" */;
			buildPhases = (
				00522BA61F04B16200556428 /* Sources */,
				00522BA71F04B16200556428 /* Frameworks */,
				00522BA81F04B16200556428 /* Resources */,
			);
			buildRules = (
			);
			dependencies = (
				00522BAC1F04B16200556428 /* PBXTargetDependency */,
			);
			name = Test0628UITests;
			productName = Test0628UITests;
			productReference = 00522BAA1F04B16200556428 /* Test0628UITests.xctest */;
			productType = "com.apple.product-type.bundle.ui-testing";
		};
/* End PBXNativeTarget section */

/* Begin PBXProject section */
		00522B831F04B16200556428 /* Project object */ = {
			isa = PBXProject;
			attributes = {
				LastSwiftUpdateCheck = 0900;
				LastUpgradeCheck = 0900;
				ORGANIZATIONNAME = "Linne S. Huang";
				TargetAttributes = {
					00522B8A1F04B16200556428 = {
						CreatedOnToolsVersion = 9.0;
					};
					00522B9E1F04B16200556428 = {
						CreatedOnToolsVersion = 9.0;
						TestTargetID = 00522B8A1F04B16200556428;
					};
					00522BA91F04B16200556428 = {
						CreatedOnToolsVersion = 9.0;
						TestTargetID = 00522B8A1F04B16200556428;
					};
				};
			};
			buildConfigurationList = 00522B861F04B16200556428 /* Build configuration list for PBXProject "Test0628" */;
			compatibilityVersion = "Xcode 8.0";
			developmentRegion = en;
			hasScannedForEncodings = 0;
			knownRegions = (
				en,
				Base,
			);
			mainGroup = 00522B821F04B16200556428;
			productRefGroup = 00522B8C1F04B16200556428 /* Products */;
			projectDirPath = "";
			projectRoot = "";
			targets = (
				00522B8A1F04B16200556428 /* Test0628 */,
				00522B9E1F04B16200556428 /* Test0628Tests */,
				00522BA91F04B16200556428 /* Test0628UITests */,
			);
		};
/* End PBXProject section */

/* Begin PBXResourcesBuildPhase section */
		00522B891F04B16200556428 /* Resources */ = {
			isa = PBXResourcesBuildPhase;
			buildActionMask = 2147483647;
			files = (
				00522B991F04B16200556428 /* LaunchScreen.storyboard in Resources */,
				00522BBD1F04B7E300556428 /* art.scnassets in Resources */,
				00522B961F04B16200556428 /* Assets.xcassets in Resources */,
				00522B941F04B16200556428 /* Main.storyboard in Resources */,
			);
			runOnlyForDeploymentPostprocessing = 0;
		};
		00522B9D1F04B16200556428 /* Resources */ = {
			isa = PBXResourcesBuildPhase;
			buildActionMask = 2147483647;
			files = (
			);
			runOnlyForDeploymentPostprocessing = 0;
		};
		00522BA81F04B16200556428 /* Resources */ = {
			isa = PBXResourcesBuildPhase;
			buildActionMask = 2147483647;
			files = (
			);
			runOnlyForDeploymentPostprocessing = 0;
		};
/* End PBXResourcesBuildPhase section */

/* Begin PBXSourcesBuildPhase section */
		00522B871F04B16200556428 /* Sources */ = {
			isa = PBXSourcesBuildPhase;
			buildActionMask = 2147483647;
			files = (
				00522BBF1F04B85D00556428 /* SpaceShip.swift in Sources */,
				00522B911F04B16200556428 /* ViewController.swift in Sources */,
				00522B8F1F04B16200556428 /* AppDelegate.swift in Sources */,
			);
			runOnlyForDeploymentPostprocessing = 0;
		};
		00522B9B1F04B16200556428 /* Sources */ = {
			isa = PBXSourcesBuildPhase;
			buildActionMask = 2147483647;
			files = (
				00522BA41F04B16200556428 /* Test0628Tests.swift in Sources */,
			);
			runOnlyForDeploymentPostprocessing = 0;
		};
		00522BA61F04B16200556428 /* Sources */ = {
			isa = PBXSourcesBuildPhase;
			buildActionMask = 2147483647;
			files = (
				00522BAF1F04B16200556428 /* Test0628UITests.swift in Sources */,
			);
			runOnlyForDeploymentPostprocessing = 0;
		};
/* End PBXSourcesBuildPhase section */

/* Begin PBXTargetDependency section */
		00522BA11F04B16200556428 /* PBXTargetDependency */ = {
			isa = PBXTargetDependency;
			target = 00522B8A1F04B16200556428 /* Test0628 */;
			targetProxy = 00522BA01F04B16200556428 /* PBXContainerItemProxy */;
		};
		00522BAC1F04B16200556428 /* PBXTargetDependency */ = {
			isa = PBXTargetDependency;
			target = 00522B8A1F04B16200556428 /* Test0628 */;
			targetProxy = 00522BAB1F04B16200556428 /* PBXContainerItemProxy */;
		};
/* End PBXTargetDependency section */

/* Begin PBXVariantGroup section */
		00522B921F04B16200556428 /* Main.storyboard */ = {
			isa = PBXVariantGroup;
			children = (
				00522B931F04B16200556428 /* Base */,
			);
			name = Main.storyboard;
			sourceTree = "<group>";
		};
		00522B971F04B16200556428 /* LaunchScreen.storyboard */ = {
			isa = PBXVariantGroup;
			children = (
				00522B981F04B16200556428 /* Base */,
			);
			name = LaunchScreen.storyboard;
			sourceTree = "<group>";
		};
/* End PBXVariantGroup section */

/* Begin XCBuildConfiguration section */
		00522BB11F04B16200556428 /* Debug */ = {
			isa = XCBuildConfiguration;
			buildSettings = {
				ALWAYS_SEARCH_USER_PATHS = NO;
				CLANG_ANALYZER_NONNULL = YES;
				CLANG_ANALYZER_NUMBER_OBJECT_CONVERSION = YES_AGGRESSIVE;
				CLANG_CXX_LANGUAGE_STANDARD = "gnu++14";
				CLANG_CXX_LIBRARY = "libc++";
				CLANG_ENABLE_MODULES = YES;
				CLANG_ENABLE_OBJC_ARC = YES;
				CLANG_WARN_BLOCK_CAPTURE_AUTORELEASING = YES;
				CLANG_WARN_BOOL_CONVERSION = YES;
				CLANG_WARN_COMMA = YES;
				CLANG_WARN_CONSTANT_CONVERSION = YES;
				CLANG_WARN_DIRECT_OBJC_ISA_USAGE = YES_ERROR;
				CLANG_WARN_DOCUMENTATION_COMMENTS = YES;
				CLANG_WARN_EMPTY_BODY = YES;
				CLANG_WARN_ENUM_CONVERSION = YES;
				CLANG_WARN_INFINITE_RECURSION = YES;
				CLANG_WARN_INT_CONVERSION = YES;
				CLANG_WARN_OBJC_ROOT_CLASS = YES_ERROR;
				CLANG_WARN_RANGE_LOOP_ANALYSIS = YES;
				CLANG_WARN_STRICT_PROTOTYPES = YES;
				CLANG_WARN_SUSPICIOUS_MOVE = YES;
				CLANG_WARN_UNGUARDED_AVAILABILITY = YES_AGGRESSIVE;
				CLANG_WARN_UNREACHABLE_CODE = YES;
				CLANG_WARN__DUPLICATE_METHOD_MATCH = YES;
				CODE_SIGN_IDENTITY = "iPhone Developer";
				COPY_PHASE_STRIP = NO;
				DEBUG_INFORMATION_FORMAT = dwarf;
				ENABLE_STRICT_OBJC_MSGSEND = YES;
				ENABLE_TESTABILITY = YES;
				GCC_C_LANGUAGE_STANDARD = gnu11;
				GCC_DYNAMIC_NO_PIC = NO;
				GCC_NO_COMMON_BLOCKS = YES;
				GCC_OPTIMIZATION_LEVEL = 0;
				GCC_PREPROCESSOR_DEFINITIONS = (
					"DEBUG=1",
					"$(inherited)",
				);
				GCC_WARN_64_TO_32_BIT_CONVERSION = YES;
				GCC_WARN_ABOUT_RETURN_TYPE = YES_ERROR;
				GCC_WARN_UNDECLARED_SELECTOR = YES;
				GCC_WARN_UNINITIALIZED_AUTOS = YES_AGGRESSIVE;
				GCC_WARN_UNUSED_FUNCTION = YES;
				GCC_WARN_UNUSED_VARIABLE = YES;
				IPHONEOS_DEPLOYMENT_TARGET = 11.0;
				MTL_ENABLE_DEBUG_INFO = YES;
				ONLY_ACTIVE_ARCH = YES;
				SDKROOT = iphoneos;
				SWIFT_ACTIVE_COMPILATION_CONDITIONS = DEBUG;
				SWIFT_OPTIMIZATION_LEVEL = "-Onone";
			};
			name = Debug;
		};
		00522BB21F04B16200556428 /* Release */ = {
			isa = XCBuildConfiguration;
			buildSettings = {
				ALWAYS_SEARCH_USER_PATHS = NO;
				CLANG_ANALYZER_NONNULL = YES;
				CLANG_ANALYZER_NUMBER_OBJECT_CONVERSION = YES_AGGRESSIVE;
				CLANG_CXX_LANGUAGE_STANDARD = "gnu++14";
				CLANG_CXX_LIBRARY = "libc++";
				CLANG_ENABLE_MODULES = YES;
				CLANG_ENABLE_OBJC_ARC = YES;
				CLANG_WARN_BLOCK_CAPTURE_AUTORELEASING = YES;
				CLANG_WARN_BOOL_CONVERSION = YES;
				CLANG_WARN_COMMA = YES;
				CLANG_WARN_CONSTANT_CONVERSION = YES;
				CLANG_WARN_DIRECT_OBJC_ISA_USAGE = YES_ERROR;
				CLANG_WARN_DOCUMENTATION_COMMENTS = YES;
				CLANG_WARN_EMPTY_BODY = YES;
				CLANG_WARN_ENUM_CONVERSION = YES;
				CLANG_WARN_INFINITE_RECURSION = YES;
				CLANG_WARN_INT_CONVERSION = YES;
				CLANG_WARN_OBJC_ROOT_CLASS = YES_ERROR;
				CLANG_WARN_RANGE_LOOP_ANALYSIS = YES;
				CLANG_WARN_STRICT_PROTOTYPES = YES;
				CLANG_WARN_SUSPICIOUS_MOVE = YES;
				CLANG_WARN_UNGUARDED_AVAILABILITY = YES_AGGRESSIVE;
				CLANG_WARN_UNREACHABLE_CODE = YES;
				CLANG_WARN__DUPLICATE_METHOD_MATCH = YES;
				CODE_SIGN_IDENTITY = "iPhone Developer";
				COPY_PHASE_STRIP = NO;
				DEBUG_INFORMATION_FORMAT = "dwarf-with-dsym";
				ENABLE_NS_ASSERTIONS = NO;
				ENABLE_STRICT_OBJC_MSGSEND = YES;
				GCC_C_LANGUAGE_STANDARD = gnu11;
				GCC_NO_COMMON_BLOCKS = YES;
				GCC_WARN_64_TO_32_BIT_CONVERSION = YES;
				GCC_WARN_ABOUT_RETURN_TYPE = YES_ERROR;
				GCC_WARN_UNDECLARED_SELECTOR = YES;
				GCC_WARN_UNINITIALIZED_AUTOS = YES_AGGRESSIVE;
				GCC_WARN_UNUSED_FUNCTION = YES;
				GCC_WARN_UNUSED_VARIABLE = YES;
				IPHONEOS_DEPLOYMENT_TARGET = 11.0;
				MTL_ENABLE_DEBUG_INFO = NO;
				SDKROOT = iphoneos;
				SWIFT_OPTIMIZATION_LEVEL = "-Owholemodule";
				VALIDATE_PRODUCT = YES;
			};
			name = Release;
		};
		00522BB41F04B16200556428 /* Debug */ = {
			isa = XCBuildConfiguration;
			buildSettings = {
				ASSETCATALOG_COMPILER_APPICON_NAME = AppIcon;
				DEVELOPMENT_TEAM = 7T922T47U9;
				INFOPLIST_FILE = Test0628/Info.plist;
				LD_RUNPATH_SEARCH_PATHS = "$(inherited) @executable_path/Frameworks";
				PRODUCT_BUNDLE_IDENTIFIER = com.linneshuang.Test0628;
				PRODUCT_NAME = "$(TARGET_NAME)";
				SWIFT_VERSION = 4.0;
				TARGETED_DEVICE_FAMILY = "1,2";
			};
			name = Debug;
		};
		00522BB51F04B16200556428 /* Release */ = {
			isa = XCBuildConfiguration;
			buildSettings = {
				ASSETCATALOG_COMPILER_APPICON_NAME = AppIcon;
				DEVELOPMENT_TEAM = 7T922T47U9;
				INFOPLIST_FILE = Test0628/Info.plist;
				LD_RUNPATH_SEARCH_PATHS = "$(inherited) @executable_path/Frameworks";
				PRODUCT_BUNDLE_IDENTIFIER = com.linneshuang.Test0628;
				PRODUCT_NAME = "$(TARGET_NAME)";
				SWIFT_VERSION = 4.0;
				TARGETED_DEVICE_FAMILY = "1,2";
			};
			name = Release;
		};
		00522BB71F04B16200556428 /* Debug */ = {
			isa = XCBuildConfiguration;
			buildSettings = {
				ALWAYS_EMBED_SWIFT_STANDARD_LIBRARIES = YES;
				BUNDLE_LOADER = "$(TEST_HOST)";
				DEVELOPMENT_TEAM = 7T922T47U9;
				INFOPLIST_FILE = Test0628Tests/Info.plist;
				LD_RUNPATH_SEARCH_PATHS = "$(inherited) @executable_path/Frameworks @loader_path/Frameworks";
				PRODUCT_BUNDLE_IDENTIFIER = com.linneshuang.Test0628Tests;
				PRODUCT_NAME = "$(TARGET_NAME)";
				SWIFT_VERSION = 4.0;
				TARGETED_DEVICE_FAMILY = "1,2";
				TEST_HOST = "$(BUILT_PRODUCTS_DIR)/Test0628.app/Test0628";
			};
			name = Debug;
		};
		00522BB81F04B16200556428 /* Release */ = {
			isa = XCBuildConfiguration;
			buildSettings = {
				ALWAYS_EMBED_SWIFT_STANDARD_LIBRARIES = YES;
				BUNDLE_LOADER = "$(TEST_HOST)";
				DEVELOPMENT_TEAM = 7T922T47U9;
				INFOPLIST_FILE = Test0628Tests/Info.plist;
				LD_RUNPATH_SEARCH_PATHS = "$(inherited) @executable_path/Frameworks @loader_path/Frameworks";
				PRODUCT_BUNDLE_IDENTIFIER = com.linneshuang.Test0628Tests;
				PRODUCT_NAME = "$(TARGET_NAME)";
				SWIFT_VERSION = 4.0;
				TARGETED_DEVICE_FAMILY = "1,2";
				TEST_HOST = "$(BUILT_PRODUCTS_DIR)/Test0628.app/Test0628";
			};
			name = Release;
		};
		00522BBA1F04B16200556428 /* Debug */ = {
			isa = XCBuildConfiguration;
			buildSettings = {
				ALWAYS_EMBED_SWIFT_STANDARD_LIBRARIES = YES;
				DEVELOPMENT_TEAM = 7T922T47U9;
				INFOPLIST_FILE = Test0628UITests/Info.plist;
				LD_RUNPATH_SEARCH_PATHS = "$(inherited) @executable_path/Frameworks @loader_path/Frameworks";
				PRODUCT_BUNDLE_IDENTIFIER = com.linneshuang.Test0628UITests;
				PRODUCT_NAME = "$(TARGET_NAME)";
				SWIFT_VERSION = 4.0;
				TARGETED_DEVICE_FAMILY = "1,2";
				TEST_TARGET_NAME = Test0628;
			};
			name = Debug;
		};
		00522BBB1F04B16200556428 /* Release */ = {
			isa = XCBuildConfiguration;
			buildSettings = {
				ALWAYS_EMBED_SWIFT_STANDARD_LIBRARIES = YES;
				DEVELOPMENT_TEAM = 7T922T47U9;
				INFOPLIST_FILE = Test0628UITests/Info.plist;
				LD_RUNPATH_SEARCH_PATHS = "$(inherited) @executable_path/Frameworks @loader_path/Frameworks";
				PRODUCT_BUNDLE_IDENTIFIER = com.linneshuang.Test0628UITests;
				PRODUCT_NAME = "$(TARGET_NAME)";
				SWIFT_VERSION = 4.0;
				TARGETED_DEVICE_FAMILY = "1,2";
				TEST_TARGET_NAME = Test0628;
			};
			name = Release;
		};
/* End XCBuildConfiguration section */

/* Begin XCConfigurationList section */
		00522B861F04B16200556428 /* Build configuration list for PBXProject "Test0628" */ = {
			isa = XCConfigurationList;
			buildConfigurations = (
				00522BB11F04B16200556428 /* Debug */,
				00522BB21F04B16200556428 /* Release */,
			);
			defaultConfigurationIsVisible = 0;
			defaultConfigurationName = Release;
		};
		00522BB31F04B16200556428 /* Build configuration list for PBXNativeTarget "Test0628" */ = {
			isa = XCConfigurationList;
			buildConfigurations = (
				00522BB41F04B16200556428 /* Debug */,
				00522BB51F04B16200556428 /* Release */,
			);
			defaultConfigurationIsVisible = 0;
			defaultConfigurationName = Release;
		};
		00522BB61F04B16200556428 /* Build configuration list for PBXNativeTarget "Test0628Tests" */ = {
			isa = XCConfigurationList;
			buildConfigurations = (
				00522BB71F04B16200556428 /* Debug */,
				00522BB81F04B16200556428 /* Release */,
			);
			defaultConfigurationIsVisible = 0;
			defaultConfigurationName = Release;
		};
		00522BB91F04B16200556428 /* Build configuration list for PBXNativeTarget "Test0628UITests" */ = {
			isa = XCConfigurationList;
			buildConfigurations = (
				00522BBA1F04B16200556428 /* Debug */,
				00522BBB1F04B16200556428 /* Release */,
			);
			defaultConfigurationIsVisible = 0;
			defaultConfigurationName = Release;
		};
/* End XCConfigurationList section */
	};
	rootObject = 00522B831F04B16200556428 /* Project object */;
}
